
Microsoft Visual Studio Solution File, Format Version 12.00
# Visual Studio Version 17
VisualStudioVersion = 17.9.34902.65
MinimumVisualStudioVersion = 10.0.40219.1
Project("{FAE04EC0-301F-11D3-BF4B-00C04F79EFBC}") = "DoctorsApp", "DoctorsApp\DoctorsApp.csproj", "{AEB22D6B-68DB-4FC4-8D8F-3663A6E7786E}"
EndProject
Global
	GlobalSection(SolutionConfigurationPlatforms) = preSolution
		Debug|Any CPU = Debug|Any CPU
		Release|Any CPU = Release|Any CPU
	EndGlobalSection
	GlobalSection(ProjectConfigurationPlatforms) = postSolution
		{AEB22D6B-68DB-4FC4-8D8F-3663A6E7786E}.Debug|Any CPU.ActiveCfg = Debug|Any CPU
		{AEB22D6B-68DB-4FC4-8D8F-3663A6E7786E}.Debug|Any CPU.Build.0 = Debug|Any CPU
		{AEB22D6B-68DB-4FC4-8D8F-3663A6E7786E}.Release|Any CPU.ActiveCfg = Release|Any CPU
		{AEB22D6B-68DB-4FC4-8D8F-3663A6E7786E}.Release|Any CPU.Build.0 = Release|Any CPU
	EndGlobalSection
	GlobalSection(SolutionProperties) = preSolution
		HideSolutionNode = FALSE
	EndGlobalSection
	GlobalSection(ExtensibilityGlobals) = postSolution
		SolutionGuid = {D1709A64-945B-4476-A492-03A9056BEFBF}
	EndGlobalSection
EndGlobal
